
Microsoft Visual Studio Solution File, Format Version 12.00
# Visual Studio Version 17
VisualStudioVersion = 17.11.35327.3
MinimumVisualStudioVersion = 10.0.40219.1
Project("{8BC9CEB8-8B4A-11D0-8D11-00A0C91BC942}") = "names", "names\names.vcxproj", "{2DE09A90-EE84-4A6C-9DFC-0885BE811197}"
EndProject
Global
	GlobalSection(SolutionConfigurationPlatforms) = preSolution
		Debug|x64 = Debug|x64
		Debug|x86 = Debug|x86
		Release|x64 = Release|x64
		Release|x86 = Release|x86
	EndGlobalSection
	GlobalSection(ProjectConfigurationPlatforms) = postSolution
		{2DE09A90-EE84-4A6C-9DFC-0885BE811197}.Debug|x64.ActiveCfg = Debug|x64
		{2DE09A90-EE84-4A6C-9DFC-0885BE811197}.Debug|x64.Build.0 = Debug|x64
		{2DE09A90-EE84-4A6C-9DFC-0885BE811197}.Debug|x86.ActiveCfg = Debug|Win32
		{2DE09A90-EE84-4A6C-9DFC-0885BE811197}.Debug|x86.Build.0 = Debug|Win32
		{2DE09A90-EE84-4A6C-9DFC-0885BE811197}.Release|x64.ActiveCfg = Release|x64
		{2DE09A90-EE84-4A6C-9DFC-0885BE811197}.Release|x64.Build.0 = Release|x64
		{2DE09A90-EE84-4A6C-9DFC-0885BE811197}.Release|x86.ActiveCfg = Release|Win32
		{2DE09A90-EE84-4A6C-9DFC-0885BE811197}.Release|x86.Build.0 = Release|Win32
	EndGlobalSection
	GlobalSection(SolutionProperties) = preSolution
		HideSolutionNode = FALSE
	EndGlobalSection
	GlobalSection(ExtensibilityGlobals) = postSolution
		SolutionGuid = {5EA51F09-2316-4E7F-9299-D7BBADD11E33}
	EndGlobalSection
EndGlobal
